// !$*UTF8*$!
{
	archiveVersion = 1;
	classes = {
	};
	objectVersion = 56;
	objects = {

/* Begin PBXBuildFile section */
		2679D05F2C156FBF00B066BD /* MoonshotApp.swift in Sources */ = {isa = PBXBuildFile; fileRef = 2679D05E2C156FBF00B066BD /* MoonshotApp.swift */; };
		2679D0612C156FBF00B066BD /* ContentView.swift in Sources */ = {isa = PBXBuildFile; fileRef = 2679D0602C156FBF00B066BD /* ContentView.swift */; };
		2679D0632C156FC200B066BD /* Assets.xcassets in Resources */ = {isa = PBXBuildFile; fileRef = 2679D0622C156FC200B066BD /* Assets.xcassets */; };
		2679D0662C156FC200B066BD /* Preview Assets.xcassets in Resources */ = {isa = PBXBuildFile; fileRef = 2679D0652C156FC200B066BD /* Preview Assets.xcassets */; };
		2679D06E2C15701600B066BD /* astronauts.json in Resources */ = {isa = PBXBuildFile; fileRef = 2679D06C2C15701600B066BD /* astronauts.json */; };
		2679D06F2C15701600B066BD /* missions.json in Resources */ = {isa = PBXBuildFile; fileRef = 2679D06D2C15701600B066BD /* missions.json */; };
		2679D0712C1591BF00B066BD /* Astronaut.swift in Sources */ = {isa = PBXBuildFile; fileRef = 2679D0702C1591BF00B066BD /* Astronaut.swift */; };
		2679D0732C1592B000B066BD /* Bundle-Decodable.swift in Sources */ = {isa = PBXBuildFile; fileRef = 2679D0722C1592B000B066BD /* Bundle-Decodable.swift */; };
		2679D0752C159A9C00B066BD /* Mission.swift in Sources */ = {isa = PBXBuildFile; fileRef = 2679D0742C159A9C00B066BD /* Mission.swift */; };
		2679D0772C15A67B00B066BD /* Color-Theme.swift in Sources */ = {isa = PBXBuildFile; fileRef = 2679D0762C15A67B00B066BD /* Color-Theme.swift */; };
		2679D07B2C15AEAB00B066BD /* MissionView.swift in Sources */ = {isa = PBXBuildFile; fileRef = 2679D07A2C15AEAB00B066BD /* MissionView.swift */; };
		26DE2A7E2C21C3A300309FDD /* AstronautView.swift in Sources */ = {isa = PBXBuildFile; fileRef = 26DE2A7D2C21C3A300309FDD /* AstronautView.swift */; };
		26DE2A802C21D48600309FDD /* CustomDevider.swift in Sources */ = {isa = PBXBuildFile; fileRef = 26DE2A7F2C21D48600309FDD /* CustomDevider.swift */; };
		26DE2A822C21D55900309FDD /* CustomHScroll.swift in Sources */ = {isa = PBXBuildFile; fileRef = 26DE2A812C21D55900309FDD /* CustomHScroll.swift */; };
		26DE2A842C21D8CD00309FDD /* CustomPiker.swift in Sources */ = {isa = PBXBuildFile; fileRef = 26DE2A832C21D8CD00309FDD /* CustomPiker.swift */; };
		26DE2A862C21E66E00309FDD /* DataPage.swift in Sources */ = {isa = PBXBuildFile; fileRef = 26DE2A852C21E66E00309FDD /* DataPage.swift */; };
/* End PBXBuildFile section */

/* Begin PBXFileReference section */
		2679D05B2C156FBF00B066BD /* Moonshot.app */ = {isa = PBXFileReference; explicitFileType = wrapper.application; includeInIndex = 0; path = Moonshot.app; sourceTree = BUILT_PRODUCTS_DIR; };
		2679D05E2C156FBF00B066BD /* MoonshotApp.swift */ = {isa = PBXFileReference; lastKnownFileType = sourcecode.swift; path = MoonshotApp.swift; sourceTree = "<group>"; };
		2679D0602C156FBF00B066BD /* ContentView.swift */ = {isa = PBXFileReference; lastKnownFileType = sourcecode.swift; path = ContentView.swift; sourceTree = "<group>"; };
		2679D0622C156FC200B066BD /* Assets.xcassets */ = {isa = PBXFileReference; lastKnownFileType = folder.assetcatalog; path = Assets.xcassets; sourceTree = "<group>"; };
		2679D0652C156FC200B066BD /* Preview Assets.xcassets */ = {isa = PBXFileReference; lastKnownFileType = folder.assetcatalog; path = "Preview Assets.xcassets"; sourceTree = "<group>"; };
		2679D06C2C15701600B066BD /* astronauts.json */ = {isa = PBXFileReference; fileEncoding = 4; lastKnownFileType = text.json; name = astronauts.json; path = Moonshot/JSON/astronauts.json; sourceTree = SOURCE_ROOT; };
		2679D06D2C15701600B066BD /* missions.json */ = {isa = PBXFileReference; fileEncoding = 4; lastKnownFileType = text.json; name = missions.json; path = Moonshot/JSON/missions.json; sourceTree = SOURCE_ROOT; };
		2679D0702C1591BF00B066BD /* Astronaut.swift */ = {isa = PBXFileReference; lastKnownFileType = sourcecode.swift; path = Astronaut.swift; sourceTree = "<group>"; };
		2679D0722C1592B000B066BD /* Bundle-Decodable.swift */ = {isa = PBXFileReference; lastKnownFileType = sourcecode.swift; path = "Bundle-Decodable.swift"; sourceTree = "<group>"; };
		2679D0742C159A9C00B066BD /* Mission.swift */ = {isa = PBXFileReference; lastKnownFileType = sourcecode.swift; path = Mission.swift; sourceTree = "<group>"; };
		2679D0762C15A67B00B066BD /* Color-Theme.swift */ = {isa = PBXFileReference; lastKnownFileType = sourcecode.swift; path = "Color-Theme.swift"; sourceTree = "<group>"; };
		2679D07A2C15AEAB00B066BD /* MissionView.swift */ = {isa = PBXFileReference; lastKnownFileType = sourcecode.swift; path = MissionView.swift; sourceTree = "<group>"; };
		26DE2A7D2C21C3A300309FDD /* AstronautView.swift */ = {isa = PBXFileReference; lastKnownFileType = sourcecode.swift; path = AstronautView.swift; sourceTree = "<group>"; };
		26DE2A7F2C21D48600309FDD /* CustomDevider.swift */ = {isa = PBXFileReference; lastKnownFileType = sourcecode.swift; path = CustomDevider.swift; sourceTree = "<group>"; };
		26DE2A812C21D55900309FDD /* CustomHScroll.swift */ = {isa = PBXFileReference; lastKnownFileType = sourcecode.swift; path = CustomHScroll.swift; sourceTree = "<group>"; };
		26DE2A832C21D8CD00309FDD /* CustomPiker.swift */ = {isa = PBXFileReference; lastKnownFileType = sourcecode.swift; path = CustomPiker.swift; sourceTree = "<group>"; };
		26DE2A852C21E66E00309FDD /* DataPage.swift */ = {isa = PBXFileReference; lastKnownFileType = sourcecode.swift; path = DataPage.swift; sourceTree = "<group>"; };
/* End PBXFileReference section */

/* Begin PBXFrameworksBuildPhase section */
		2679D0582C156FBF00B066BD /* Frameworks */ = {
			isa = PBXFrameworksBuildPhase;
			buildActionMask = 2147483647;
			files = (
			);
			runOnlyForDeploymentPostprocessing = 0;
		};
/* End PBXFrameworksBuildPhase section */

/* Begin PBXGroup section */
		2609336E2C232127002FD363 /* App */ = {
			isa = PBXGroup;
			children = (
				2679D05E2C156FBF00B066BD /* MoonshotApp.swift */,
			);
			path = App;
			sourceTree = "<group>";
		};
		2609336F2C23213F002FD363 /* Components */ = {
			isa = PBXGroup;
			children = (
				26DE2A832C21D8CD00309FDD /* CustomPiker.swift */,
				26DE2A852C21E66E00309FDD /* DataPage.swift */,
				26DE2A812C21D55900309FDD /* CustomHScroll.swift */,
				26DE2A7F2C21D48600309FDD /* CustomDevider.swift */,
			);
			path = Components;
			sourceTree = "<group>";
		};
		260933702C232172002FD363 /* Extension */ = {
			isa = PBXGroup;
			children = (
				2679D0762C15A67B00B066BD /* Color-Theme.swift */,
				2679D0722C1592B000B066BD /* Bundle-Decodable.swift */,
			);
			path = Extension;
			sourceTree = "<group>";
		};
		260933712C2321B0002FD363 /* Model */ = {
			isa = PBXGroup;
			children = (
				2679D0702C1591BF00B066BD /* Astronaut.swift */,
				2679D0742C159A9C00B066BD /* Mission.swift */,
			);
			path = Model;
			sourceTree = "<group>";
		};
		260933722C2321DF002FD363 /* View */ = {
			isa = PBXGroup;
			children = (
				2679D0602C156FBF00B066BD /* ContentView.swift */,
				2679D07A2C15AEAB00B066BD /* MissionView.swift */,
				26DE2A7D2C21C3A300309FDD /* AstronautView.swift */,
			);
			name = View;
			sourceTree = "<group>";
		};
		260933732C232203002FD363 /* JSON */ = {
			isa = PBXGroup;
			children = (
				2679D06C2C15701600B066BD /* astronauts.json */,
				2679D06D2C15701600B066BD /* missions.json */,
			);
			path = JSON;
			sourceTree = "<group>";
		};
		2679D0522C156FBF00B066BD = {
			isa = PBXGroup;
			children = (
				2679D05D2C156FBF00B066BD /* Moonshot */,
				2679D05C2C156FBF00B066BD /* Products */,
			);
			sourceTree = "<group>";
		};
		2679D05C2C156FBF00B066BD /* Products */ = {
			isa = PBXGroup;
			children = (
				2679D05B2C156FBF00B066BD /* Moonshot.app */,
			);
			name = Products;
			sourceTree = "<group>";
		};
		2679D05D2C156FBF00B066BD /* Moonshot */ = {
			isa = PBXGroup;
			children = (
				260933732C232203002FD363 /* JSON */,
				2609336E2C232127002FD363 /* App */,
				260933702C232172002FD363 /* Extension */,
				260933712C2321B0002FD363 /* Model */,
				260933722C2321DF002FD363 /* View */,
				2609336F2C23213F002FD363 /* Components */,
				2679D0622C156FC200B066BD /* Assets.xcassets */,
				2679D0642C156FC200B066BD /* Preview Content */,
			);
			path = Moonshot;
			sourceTree = "<group>";
		};
		2679D0642C156FC200B066BD /* Preview Content */ = {
			isa = PBXGroup;
			children = (
				2679D0652C156FC200B066BD /* Preview Assets.xcassets */,
			);
			path = "Preview Content";
			sourceTree = "<group>";
		};
/* End PBXGroup section */

/* Begin PBXNativeTarget section */
		2679D05A2C156FBF00B066BD /* Moonshot */ = {
			isa = PBXNativeTarget;
			buildConfigurationList = 2679D0692C156FC200B066BD /* Build configuration list for PBXNativeTarget "Moonshot" */;
			buildPhases = (
				2679D0572C156FBF00B066BD /* Sources */,
				2679D0582C156FBF00B066BD /* Frameworks */,
				2679D0592C156FBF00B066BD /* Resources */,
			);
			buildRules = (
			);
			dependencies = (
			);
			name = Moonshot;
			productName = Moonshot;
			productReference = 2679D05B2C156FBF00B066BD /* Moonshot.app */;
			productType = "com.apple.product-type.application";
		};
/* End PBXNativeTarget section */

/* Begin PBXProject section */
		2679D0532C156FBF00B066BD /* Project object */ = {
			isa = PBXProject;
			attributes = {
				BuildIndependentTargetsInParallel = 1;
				LastSwiftUpdateCheck = 1530;
				LastUpgradeCheck = 1530;
				TargetAttributes = {
					2679D05A2C156FBF00B066BD = {
						CreatedOnToolsVersion = 15.3;
					};
				};
			};
			buildConfigurationList = 2679D0562C156FBF00B066BD /* Build configuration list for PBXProject "Moonshot" */;
			compatibilityVersion = "Xcode 14.0";
			developmentRegion = en;
			hasScannedForEncodings = 0;
			knownRegions = (
				en,
				Base,
			);
			mainGroup = 2679D0522C156FBF00B066BD;
			productRefGroup = 2679D05C2C156FBF00B066BD /* Products */;
			projectDirPath = "";
			projectRoot = "";
			targets = (
				2679D05A2C156FBF00B066BD /* Moonshot */,
			);
		};
/* End PBXProject section */

/* Begin PBXResourcesBuildPhase section */
		2679D0592C156FBF00B066BD /* Resources */ = {
			isa = PBXResourcesBuildPhase;
			buildActionMask = 2147483647;
			files = (
				2679D06E2C15701600B066BD /* astronauts.json in Resources */,
				2679D0662C156FC200B066BD /* Preview Assets.xcassets in Resources */,
				2679D06F2C15701600B066BD /* missions.json in Resources */,
				2679D0632C156FC200B066BD /* Assets.xcassets in Resources */,
			);
			runOnlyForDeploymentPostprocessing = 0;
		};
/* End PBXResourcesBuildPhase section */

/* Begin PBXSourcesBuildPhase section */
		2679D0572C156FBF00B066BD /* Sources */ = {
			isa = PBXSourcesBuildPhase;
			buildActionMask = 2147483647;
			files = (
				2679D07B2C15AEAB00B066BD /* MissionView.swift in Sources */,
				2679D0712C1591BF00B066BD /* Astronaut.swift in Sources */,
				26DE2A7E2C21C3A300309FDD /* AstronautView.swift in Sources */,
				26DE2A842C21D8CD00309FDD /* CustomPiker.swift in Sources */,
				26DE2A862C21E66E00309FDD /* DataPage.swift in Sources */,
				2679D0772C15A67B00B066BD /* Color-Theme.swift in Sources */,
				2679D0612C156FBF00B066BD /* ContentView.swift in Sources */,
				2679D05F2C156FBF00B066BD /* MoonshotApp.swift in Sources */,
				26DE2A822C21D55900309FDD /* CustomHScroll.swift in Sources */,
				26DE2A802C21D48600309FDD /* CustomDevider.swift in Sources */,
				2679D0752C159A9C00B066BD /* Mission.swift in Sources */,
				2679D0732C1592B000B066BD /* Bundle-Decodable.swift in Sources */,
			);
			runOnlyForDeploymentPostprocessing = 0;
		};
/* End PBXSourcesBuildPhase section */

/* Begin XCBuildConfiguration section */
		2679D0672C156FC200B066BD /* Debug */ = {
			isa = XCBuildConfiguration;
			buildSettings = {
				ALWAYS_SEARCH_USER_PATHS = NO;
				ASSETCATALOG_COMPILER_GENERATE_SWIFT_ASSET_SYMBOL_EXTENSIONS = YES;
				CLANG_ANALYZER_NONNULL = YES;
				CLANG_ANALYZER_NUMBER_OBJECT_CONVERSION = YES_AGGRESSIVE;
				CLANG_CXX_LANGUAGE_STANDARD = "gnu++20";
				CLANG_ENABLE_MODULES = YES;
				CLANG_ENABLE_OBJC_ARC = YES;
				CLANG_ENABLE_OBJC_WEAK = YES;
				CLANG_WARN_BLOCK_CAPTURE_AUTORELEASING = YES;
				CLANG_WARN_BOOL_CONVERSION = YES;
				CLANG_WARN_COMMA = YES;
				CLANG_WARN_CONSTANT_CONVERSION = YES;
				CLANG_WARN_DEPRECATED_OBJC_IMPLEMENTATIONS = YES;
				CLANG_WARN_DIRECT_OBJC_ISA_USAGE = YES_ERROR;
				CLANG_WARN_DOCUMENTATION_COMMENTS = YES;
				CLANG_WARN_EMPTY_BODY = YES;
				CLANG_WARN_ENUM_CONVERSION = YES;
				CLANG_WARN_INFINITE_RECURSION = YES;
				CLANG_WARN_INT_CONVERSION = YES;
				CLANG_WARN_NON_LITERAL_NULL_CONVERSION = YES;
				CLANG_WARN_OBJC_IMPLICIT_RETAIN_SELF = YES;
				CLANG_WARN_OBJC_LITERAL_CONVERSION = YES;
				CLANG_WARN_OBJC_ROOT_CLASS = YES_ERROR;
				CLANG_WARN_QUOTED_INCLUDE_IN_FRAMEWORK_HEADER = YES;
				CLANG_WARN_RANGE_LOOP_ANALYSIS = YES;
				CLANG_WARN_STRICT_PROTOTYPES = YES;
				CLANG_WARN_SUSPICIOUS_MOVE = YES;
				CLANG_WARN_UNGUARDED_AVAILABILITY = YES_AGGRESSIVE;
				CLANG_WARN_UNREACHABLE_CODE = YES;
				CLANG_WARN__DUPLICATE_METHOD_MATCH = YES;
				COPY_PHASE_STRIP = NO;
				DEBUG_INFORMATION_FORMAT = dwarf;
				ENABLE_STRICT_OBJC_MSGSEND = YES;
				ENABLE_TESTABILITY = YES;
				ENABLE_USER_SCRIPT_SANDBOXING = YES;
				GCC_C_LANGUAGE_STANDARD = gnu17;
				GCC_DYNAMIC_NO_PIC = NO;
				GCC_NO_COMMON_BLOCKS = YES;
				GCC_OPTIMIZATION_LEVEL = 0;
				GCC_PREPROCESSOR_DEFINITIONS = (
					"DEBUG=1",
					"$(inherited)",
				);
				GCC_WARN_64_TO_32_BIT_CONVERSION = YES;
				GCC_WARN_ABOUT_RETURN_TYPE = YES_ERROR;
				GCC_WARN_UNDECLARED_SELECTOR = YES;
				GCC_WARN_UNINITIALIZED_AUTOS = YES_AGGRESSIVE;
				GCC_WARN_UNUSED_FUNCTION = YES;
				GCC_WARN_UNUSED_VARIABLE = YES;
				IPHONEOS_DEPLOYMENT_TARGET = 17.4;
				LOCALIZATION_PREFERS_STRING_CATALOGS = YES;
				MTL_ENABLE_DEBUG_INFO = INCLUDE_SOURCE;
				MTL_FAST_MATH = YES;
				ONLY_ACTIVE_ARCH = YES;
				SDKROOT = iphoneos;
				SWIFT_ACTIVE_COMPILATION_CONDITIONS = "DEBUG $(inherited)";
				SWIFT_OPTIMIZATION_LEVEL = "-Onone";
			};
			name = Debug;
		};
		2679D0682C156FC200B066BD /* Release */ = {
			isa = XCBuildConfiguration;
			buildSettings = {
				ALWAYS_SEARCH_USER_PATHS = NO;
				ASSETCATALOG_COMPILER_GENERATE_SWIFT_ASSET_SYMBOL_EXTENSIONS = YES;
				CLANG_ANALYZER_NONNULL = YES;
				CLANG_ANALYZER_NUMBER_OBJECT_CONVERSION = YES_AGGRESSIVE;
				CLANG_CXX_LANGUAGE_STANDARD = "gnu++20";
				CLANG_ENABLE_MODULES = YES;
				CLANG_ENABLE_OBJC_ARC = YES;
				CLANG_ENABLE_OBJC_WEAK = YES;
				CLANG_WARN_BLOCK_CAPTURE_AUTORELEASING = YES;
				CLANG_WARN_BOOL_CONVERSION = YES;
				CLANG_WARN_COMMA = YES;
				CLANG_WARN_CONSTANT_CONVERSION = YES;
				CLANG_WARN_DEPRECATED_OBJC_IMPLEMENTATIONS = YES;
				CLANG_WARN_DIRECT_OBJC_ISA_USAGE = YES_ERROR;
				CLANG_WARN_DOCUMENTATION_COMMENTS = YES;
				CLANG_WARN_EMPTY_BODY = YES;
				CLANG_WARN_ENUM_CONVERSION = YES;
				CLANG_WARN_INFINITE_RECURSION = YES;
				CLANG_WARN_INT_CONVERSION = YES;
				CLANG_WARN_NON_LITERAL_NULL_CONVERSION = YES;
				CLANG_WARN_OBJC_IMPLICIT_RETAIN_SELF = YES;
				CLANG_WARN_OBJC_LITERAL_CONVERSION = YES;
				CLANG_WARN_OBJC_ROOT_CLASS = YES_ERROR;
				CLANG_WARN_QUOTED_INCLUDE_IN_FRAMEWORK_HEADER = YES;
				CLANG_WARN_RANGE_LOOP_ANALYSIS = YES;
				CLANG_WARN_STRICT_PROTOTYPES = YES;
				CLANG_WARN_SUSPICIOUS_MOVE = YES;
				CLANG_WARN_UNGUARDED_AVAILABILITY = YES_AGGRESSIVE;
				CLANG_WARN_UNREACHABLE_CODE = YES;
				CLANG_WARN__DUPLICATE_METHOD_MATCH = YES;
				COPY_PHASE_STRIP = NO;
				DEBUG_INFORMATION_FORMAT = "dwarf-with-dsym";
				ENABLE_NS_ASSERTIONS = NO;
				ENABLE_STRICT_OBJC_MSGSEND = YES;
				ENABLE_USER_SCRIPT_SANDBOXING = YES;
				GCC_C_LANGUAGE_STANDARD = gnu17;
				GCC_NO_COMMON_BLOCKS = YES;
				GCC_WARN_64_TO_32_BIT_CONVERSION = YES;
				GCC_WARN_ABOUT_RETURN_TYPE = YES_ERROR;
				GCC_WARN_UNDECLARED_SELECTOR = YES;
				GCC_WARN_UNINITIALIZED_AUTOS = YES_AGGRESSIVE;
				GCC_WARN_UNUSED_FUNCTION = YES;
				GCC_WARN_UNUSED_VARIABLE = YES;
				IPHONEOS_DEPLOYMENT_TARGET = 17.4;
				LOCALIZATION_PREFERS_STRING_CATALOGS = YES;
				MTL_ENABLE_DEBUG_INFO = NO;
				MTL_FAST_MATH = YES;
				SDKROOT = iphoneos;
				SWIFT_COMPILATION_MODE = wholemodule;
				VALIDATE_PRODUCT = YES;
			};
			name = Release;
		};
		2679D06A2C156FC200B066BD /* Debug */ = {
			isa = XCBuildConfiguration;
			buildSettings = {
				ASSETCATALOG_COMPILER_APPICON_NAME = AppIcon;
				ASSETCATALOG_COMPILER_GLOBAL_ACCENT_COLOR_NAME = AccentColor;
				CODE_SIGN_STYLE = Automatic;
				CURRENT_PROJECT_VERSION = 1;
				DEVELOPMENT_ASSET_PATHS = "\"Moonshot/Preview Content\"";
				DEVELOPMENT_TEAM = LT54Q8Z33F;
				ENABLE_PREVIEWS = YES;
				GENERATE_INFOPLIST_FILE = YES;
				INFOPLIST_KEY_UIApplicationSceneManifest_Generation = YES;
				INFOPLIST_KEY_UIApplicationSupportsIndirectInputEvents = YES;
				INFOPLIST_KEY_UILaunchScreen_Generation = YES;
				INFOPLIST_KEY_UISupportedInterfaceOrientations_iPad = "UIInterfaceOrientationPortrait UIInterfaceOrientationPortraitUpsideDown UIInterfaceOrientationLandscapeLeft UIInterfaceOrientationLandscapeRight";
				INFOPLIST_KEY_UISupportedInterfaceOrientations_iPhone = "UIInterfaceOrientationPortrait UIInterfaceOrientationLandscapeLeft UIInterfaceOrientationLandscapeRight";
				LD_RUNPATH_SEARCH_PATHS = (
					"$(inherited)",
					"@executable_path/Frameworks",
				);
				MARKETING_VERSION = 1.0;
				PRODUCT_BUNDLE_IDENTIFIER = ru.eliseev.dmitry.Moonshot;
				PRODUCT_NAME = "$(TARGET_NAME)";
				SWIFT_EMIT_LOC_STRINGS = YES;
				SWIFT_VERSION = 5.0;
				TARGETED_DEVICE_FAMILY = "1,2";
			};
			name = Debug;
		};
		2679D06B2C156FC200B066BD /* Release */ = {
			isa = XCBuildConfiguration;
			buildSettings = {
				ASSETCATALOG_COMPILER_APPICON_NAME = AppIcon;
				ASSETCATALOG_COMPILER_GLOBAL_ACCENT_COLOR_NAME = AccentColor;
				CODE_SIGN_STYLE = Automatic;
				CURRENT_PROJECT_VERSION = 1;
				DEVELOPMENT_ASSET_PATHS = "\"Moonshot/Preview Content\"";
				DEVELOPMENT_TEAM = LT54Q8Z33F;
				ENABLE_PREVIEWS = YES;
				GENERATE_INFOPLIST_FILE = YES;
				INFOPLIST_KEY_UIApplicationSceneManifest_Generation = YES;
				INFOPLIST_KEY_UIApplicationSupportsIndirectInputEvents = YES;
				INFOPLIST_KEY_UILaunchScreen_Generation = YES;
				INFOPLIST_KEY_UISupportedInterfaceOrientations_iPad = "UIInterfaceOrientationPortrait UIInterfaceOrientationPortraitUpsideDown UIInterfaceOrientationLandscapeLeft UIInterfaceOrientationLandscapeRight";
				INFOPLIST_KEY_UISupportedInterfaceOrientations_iPhone = "UIInterfaceOrientationPortrait UIInterfaceOrientationLandscapeLeft UIInterfaceOrientationLandscapeRight";
				LD_RUNPATH_SEARCH_PATHS = (
					"$(inherited)",
					"@executable_path/Frameworks",
				);
				MARKETING_VERSION = 1.0;
				PRODUCT_BUNDLE_IDENTIFIER = ru.eliseev.dmitry.Moonshot;
				PRODUCT_NAME = "$(TARGET_NAME)";
				SWIFT_EMIT_LOC_STRINGS = YES;
				SWIFT_VERSION = 5.0;
				TARGETED_DEVICE_FAMILY = "1,2";
			};
			name = Release;
		};
/* End XCBuildConfiguration section */

/* Begin XCConfigurationList section */
		2679D0562C156FBF00B066BD /* Build configuration list for PBXProject "Moonshot" */ = {
			isa = XCConfigurationList;
			buildConfigurations = (
				2679D0672C156FC200B066BD /* Debug */,
				2679D0682C156FC200B066BD /* Release */,
			);
			defaultConfigurationIsVisible = 0;
			defaultConfigurationName = Release;
		};
		2679D0692C156FC200B066BD /* Build configuration list for PBXNativeTarget "Moonshot" */ = {
			isa = XCConfigurationList;
			buildConfigurations = (
				2679D06A2C156FC200B066BD /* Debug */,
				2679D06B2C156FC200B066BD /* Release */,
			);
			defaultConfigurationIsVisible = 0;
			defaultConfigurationName = Release;
		};
/* End XCConfigurationList section */
	};
	rootObject = 2679D0532C156FBF00B066BD /* Project object */;
}
